{
  "name": "@riim/opal-sign-button",
  "version": "0.33.75",
  "lockfileVersion": 1,
  "requires": true,
  "dependencies": {
    "@riim/camelize": {
      "version": "1.0.2",
      "resolved": "https://registry.npmjs.org/@riim/camelize/-/camelize-1.0.2.tgz",
      "integrity": "sha1-2dp40B/NPSDfflGzYMSa6TRRPRQ="
    },
    "@riim/clear-node": {
      "version": "1.0.0",
      "resolved": "https://registry.npmjs.org/@riim/clear-node/-/clear-node-1.0.0.tgz",
      "integrity": "sha1-9v5w8kPytLBRQvibsKhDbayMWbo="
    },
    "@riim/defer": {
      "version": "1.1.0",
      "resolved": "https://registry.npmjs.org/@riim/defer/-/defer-1.1.0.tgz",
      "integrity": "sha1-PtPoHvdS/35UlWofxLv5SAnxeCo=",
      "requires": {
        "@riim/logger": "1.0.1"
      }
    },
    "@riim/di": {
      "version": "0.4.2",
      "resolved": "https://registry.npmjs.org/@riim/di/-/di-0.4.2.tgz",
      "integrity": "sha1-TAXZYiZWjYCDXKKkvI/26eM99rM="
    },
    "@riim/escape-html": {
      "version": "1.1.1",
      "resolved": "https://registry.npmjs.org/@riim/escape-html/-/escape-html-1.1.1.tgz",
      "integrity": "sha1-17jk8KPOav4ZXqQ1rPQSpJTlk8E="
    },
    "@riim/get-uid": {
      "version": "1.0.0",
      "resolved": "https://registry.npmjs.org/@riim/get-uid/-/get-uid-1.0.0.tgz",
      "integrity": "sha1-Ko0WGR/5jNQm8XI62rfu3KJiqm0=",
      "requires": {
        "@riim/next-uid": "1.0.0",
        "@riim/symbol-polyfill": "1.0.1"
      }
    },
    "@riim/gettext": {
      "version": "1.1.1",
      "resolved": "https://registry.npmjs.org/@riim/gettext/-/gettext-1.1.1.tgz",
      "integrity": "sha1-pe8FT4sxwAnEkR4BRltdAJJwFeY="
    },
    "@riim/hyphenize": {
      "version": "1.0.2",
      "resolved": "https://registry.npmjs.org/@riim/hyphenize/-/hyphenize-1.0.2.tgz",
      "integrity": "sha1-BzTeosFMKOfpJj/GoOFPD7LyNHg="
    },
    "@riim/is": {
      "version": "1.0.0",
      "resolved": "https://registry.npmjs.org/@riim/is/-/is-1.0.0.tgz",
      "integrity": "sha1-JhyDdFXRsgg1MIFX5jQhNmXTF6c="
    },
    "@riim/is-regexp": {
      "version": "1.0.0",
      "resolved": "https://registry.npmjs.org/@riim/is-regexp/-/is-regexp-1.0.0.tgz",
      "integrity": "sha1-Lgfi6E4hwAIZ0onBKTYhiO4Wh9o="
    },
    "@riim/logger": {
      "version": "1.0.1",
      "resolved": "https://registry.npmjs.org/@riim/logger/-/logger-1.0.1.tgz",
      "integrity": "sha1-RfFHJbe6cZNf6rR6VSKGubhOSo4="
    },
    "@riim/lower-case-first-word": {
      "version": "1.0.1",
      "resolved": "https://registry.npmjs.org/@riim/lower-case-first-word/-/lower-case-first-word-1.0.1.tgz",
      "integrity": "sha1-VrdjUkkwkfTK1nB5bftkLMIG/8U="
    },
    "@riim/map-set-polyfill": {
      "version": "1.0.1",
      "resolved": "https://registry.npmjs.org/@riim/map-set-polyfill/-/map-set-polyfill-1.0.1.tgz",
      "integrity": "sha1-018Tnb0TWnaylssNcttJEoANkG4=",
      "requires": {
        "@riim/symbol-polyfill": "1.0.1"
      }
    },
    "@riim/mixin": {
      "version": "1.0.0",
      "resolved": "https://registry.npmjs.org/@riim/mixin/-/mixin-1.0.0.tgz",
      "integrity": "sha1-eqOdiqH4NrlXV2MlV2tBJNF2XZU="
    },
    "@riim/move-content": {
      "version": "1.0.0",
      "resolved": "https://registry.npmjs.org/@riim/move-content/-/move-content-1.0.0.tgz",
      "integrity": "sha1-tLvlmcJ0td5jMNXdoIRa2SllLfs="
    },
    "@riim/next-tick": {
      "version": "1.0.1",
      "resolved": "https://registry.npmjs.org/@riim/next-tick/-/next-tick-1.0.1.tgz",
      "integrity": "sha1-g7kHttG54yMLBVPqb99p1b7eTp8=",
      "requires": {
        "@riim/logger": "1.0.1"
      }
    },
    "@riim/next-uid": {
      "version": "1.0.0",
      "resolved": "https://registry.npmjs.org/@riim/next-uid/-/next-uid-1.0.0.tgz",
      "integrity": "sha1-uAxRqKcD0HXiK3TYvtEhqQB8hi0="
    },
    "@riim/object-assign-polyfill": {
      "version": "1.0.0",
      "resolved": "https://registry.npmjs.org/@riim/object-assign-polyfill/-/object-assign-polyfill-1.0.0.tgz",
      "integrity": "sha1-1egHP9jlRrqHFFFvfc+qt111HQI="
    },
    "@riim/pascalize": {
      "version": "1.0.1",
      "resolved": "https://registry.npmjs.org/@riim/pascalize/-/pascalize-1.0.1.tgz",
      "integrity": "sha1-YECMdlUmkzdXsShAS0ueNTraDLk=",
      "requires": {
        "@riim/camelize": "1.0.2"
      }
    },
    "@riim/self-closing-tags": {
      "version": "1.0.2",
      "resolved": "https://registry.npmjs.org/@riim/self-closing-tags/-/self-closing-tags-1.0.2.tgz",
      "integrity": "sha1-apBMzyOFUknwCj3yZFzyWACwmTg=",
      "requires": {
        "@riim/map-set-polyfill": "1.0.1"
      }
    },
    "@riim/set-attribute": {
      "version": "1.0.0",
      "resolved": "https://registry.npmjs.org/@riim/set-attribute/-/set-attribute-1.0.0.tgz",
      "integrity": "sha1-mIIHJn9p+doKMDKQOk7Ea2GZGNM="
    },
    "@riim/symbol-polyfill": {
      "version": "1.0.1",
      "resolved": "https://registry.npmjs.org/@riim/symbol-polyfill/-/symbol-polyfill-1.0.1.tgz",
      "integrity": "sha1-bb77TdfUiVYTVNfU7Rp1xci+sMQ="
    },
    "cellx": {
      "version": "1.7.86",
      "resolved": "https://registry.npmjs.org/cellx/-/cellx-1.7.86.tgz",
      "integrity": "sha512-z0SLmYosgcFXzwhiF7fUVnLzDx3RaKz6Ytjtno9XLGbsQRo6dvSR6uEsQkwOgRODR33P0WwvAC28aiRFBosNZw==",
      "requires": {
        "@riim/is": "1.0.0",
        "@riim/logger": "1.0.1",
        "@riim/map-set-polyfill": "1.0.1",
        "@riim/mixin": "1.0.0",
        "@riim/next-tick": "1.0.1",
        "@riim/object-assign-polyfill": "1.0.0",
        "@riim/symbol-polyfill": "1.0.1"
      }
    },
    "cellx-decorators": {
      "version": "1.4.9",
      "resolved": "https://registry.npmjs.org/cellx-decorators/-/cellx-decorators-1.4.9.tgz",
      "integrity": "sha1-UefUDJlLyrwsd4h2S8+tGt6eTXk=",
      "requires": {
        "@riim/object-assign-polyfill": "1.0.0",
        "cellx": "1.7.86"
      }
    },
    "escape-string": {
      "version": "1.0.2",
      "resolved": "https://registry.npmjs.org/escape-string/-/escape-string-1.0.2.tgz",
      "integrity": "sha1-FAIK+sUKypGxVzzeFho7P7jaOnc="
    },
    "html-to-fragment": {
      "version": "1.0.1",
      "resolved": "https://registry.npmjs.org/html-to-fragment/-/html-to-fragment-1.0.1.tgz",
      "integrity": "sha1-sSKUJPF1y2NxtksTeCAeLC6doNc="
    },
    "nelm-parser": {
      "version": "1.1.15",
      "resolved": "https://registry.npmjs.org/nelm-parser/-/nelm-parser-1.1.15.tgz",
      "integrity": "sha1-cYeCtSY4GztKJ9/ZjxvbzkkflB4=",
      "requires": {
        "@riim/hyphenize": "1.0.2"
      }
    },
    "reflect-metadata": {
      "version": "0.1.12",
      "resolved": "https://registry.npmjs.org/reflect-metadata/-/reflect-metadata-0.1.12.tgz",
      "integrity": "sha1-MRvwxrY814LyKKgavhRqK/qcVvI="
    },
    "rionite": {
      "version": "0.32.41",
      "resolved": "https://registry.npmjs.org/rionite/-/rionite-0.32.41.tgz",
      "integrity": "sha512-mdD5yFhwPkG+hpkAIcp2QVm71on38OmAbJFWh8xNkQlvORmi5tkhIIYwEg8ZkSC0oU0ZqAZx4V6AbVBDcFlB/A==",
      "requires": {
        "@riim/clear-node": "1.0.0",
        "@riim/defer": "1.1.0",
        "@riim/di": "0.4.2",
        "@riim/escape-html": "1.1.1",
        "@riim/get-uid": "1.0.0",
        "@riim/gettext": "1.1.1",
        "@riim/hyphenize": "1.0.2",
        "@riim/is-regexp": "1.0.0",
        "@riim/logger": "1.0.1",
        "@riim/lower-case-first-word": "1.0.1",
        "@riim/map-set-polyfill": "1.0.1",
        "@riim/mixin": "1.0.0",
        "@riim/move-content": "1.0.0",
        "@riim/next-tick": "1.0.1",
        "@riim/next-uid": "1.0.0",
        "@riim/pascalize": "1.0.1",
        "@riim/self-closing-tags": "1.0.2",
        "@riim/set-attribute": "1.0.0",
        "@riim/symbol-polyfill": "1.0.1",
        "cellx": "1.7.86",
        "escape-string": "1.0.2",
        "html-to-fragment": "1.0.1",
        "nelm-parser": "1.1.15"
      }
    }
  }
}
