{
  "name": "@riim/opal-components-docs",
  "version": "0.1.0",
  "lockfileVersion": 1,
  "requires": true,
  "dependencies": {
    "@riim/camelize": {
      "version": "1.0.2",
      "resolved": "https://registry.npmjs.org/@riim/camelize/-/camelize-1.0.2.tgz",
      "integrity": "sha1-2dp40B/NPSDfflGzYMSa6TRRPRQ="
    },
    "@riim/clear-node": {
      "version": "1.0.0",
      "resolved": "https://registry.npmjs.org/@riim/clear-node/-/clear-node-1.0.0.tgz",
      "integrity": "sha1-9v5w8kPytLBRQvibsKhDbayMWbo="
    },
    "@riim/debounce-throttle": {
      "version": "1.0.0",
      "resolved": "https://registry.npmjs.org/@riim/debounce-throttle/-/debounce-throttle-1.0.0.tgz",
      "integrity": "sha1-ln8oOtIvu2WLekyOdyVub2jPN1c="
    },
    "@riim/defer": {
      "version": "1.1.0",
      "resolved": "https://registry.npmjs.org/@riim/defer/-/defer-1.1.0.tgz",
      "integrity": "sha1-PtPoHvdS/35UlWofxLv5SAnxeCo=",
      "requires": {
        "@riim/logger": "1.0.1"
      }
    },
    "@riim/di": {
      "version": "0.4.2",
      "resolved": "https://registry.npmjs.org/@riim/di/-/di-0.4.2.tgz",
      "integrity": "sha1-TAXZYiZWjYCDXKKkvI/26eM99rM="
    },
    "@riim/escape-html": {
      "version": "1.1.1",
      "resolved": "https://registry.npmjs.org/@riim/escape-html/-/escape-html-1.1.1.tgz",
      "integrity": "sha1-17jk8KPOav4ZXqQ1rPQSpJTlk8E="
    },
    "@riim/get-uid": {
      "version": "1.0.0",
      "resolved": "https://registry.npmjs.org/@riim/get-uid/-/get-uid-1.0.0.tgz",
      "integrity": "sha1-Ko0WGR/5jNQm8XI62rfu3KJiqm0=",
      "requires": {
        "@riim/next-uid": "1.0.0",
        "@riim/symbol-polyfill": "1.0.1"
      }
    },
    "@riim/gettext": {
      "version": "1.1.1",
      "resolved": "https://registry.npmjs.org/@riim/gettext/-/gettext-1.1.1.tgz",
      "integrity": "sha1-pe8FT4sxwAnEkR4BRltdAJJwFeY="
    },
    "@riim/hyphenize": {
      "version": "1.0.2",
      "resolved": "https://registry.npmjs.org/@riim/hyphenize/-/hyphenize-1.0.2.tgz",
      "integrity": "sha1-BzTeosFMKOfpJj/GoOFPD7LyNHg="
    },
    "@riim/is": {
      "version": "1.0.0",
      "resolved": "https://registry.npmjs.org/@riim/is/-/is-1.0.0.tgz",
      "integrity": "sha1-JhyDdFXRsgg1MIFX5jQhNmXTF6c="
    },
    "@riim/is-regexp": {
      "version": "1.0.0",
      "resolved": "https://registry.npmjs.org/@riim/is-regexp/-/is-regexp-1.0.0.tgz",
      "integrity": "sha1-Lgfi6E4hwAIZ0onBKTYhiO4Wh9o="
    },
    "@riim/logger": {
      "version": "1.0.1",
      "resolved": "https://registry.npmjs.org/@riim/logger/-/logger-1.0.1.tgz",
      "integrity": "sha1-RfFHJbe6cZNf6rR6VSKGubhOSo4="
    },
    "@riim/lower-case-first-word": {
      "version": "1.0.1",
      "resolved": "https://registry.npmjs.org/@riim/lower-case-first-word/-/lower-case-first-word-1.0.1.tgz",
      "integrity": "sha1-VrdjUkkwkfTK1nB5bftkLMIG/8U="
    },
    "@riim/map-set-polyfill": {
      "version": "1.0.1",
      "resolved": "https://registry.npmjs.org/@riim/map-set-polyfill/-/map-set-polyfill-1.0.1.tgz",
      "integrity": "sha1-018Tnb0TWnaylssNcttJEoANkG4=",
      "requires": {
        "@riim/symbol-polyfill": "1.0.1"
      }
    },
    "@riim/mixin": {
      "version": "1.0.0",
      "resolved": "https://registry.npmjs.org/@riim/mixin/-/mixin-1.0.0.tgz",
      "integrity": "sha1-eqOdiqH4NrlXV2MlV2tBJNF2XZU="
    },
    "@riim/move-content": {
      "version": "1.0.0",
      "resolved": "https://registry.npmjs.org/@riim/move-content/-/move-content-1.0.0.tgz",
      "integrity": "sha1-tLvlmcJ0td5jMNXdoIRa2SllLfs="
    },
    "@riim/next-tick": {
      "version": "1.0.1",
      "resolved": "https://registry.npmjs.org/@riim/next-tick/-/next-tick-1.0.1.tgz",
      "integrity": "sha1-g7kHttG54yMLBVPqb99p1b7eTp8=",
      "requires": {
        "@riim/logger": "1.0.1"
      }
    },
    "@riim/next-uid": {
      "version": "1.0.0",
      "resolved": "https://registry.npmjs.org/@riim/next-uid/-/next-uid-1.0.0.tgz",
      "integrity": "sha1-uAxRqKcD0HXiK3TYvtEhqQB8hi0="
    },
    "@riim/object-assign-polyfill": {
      "version": "1.0.0",
      "resolved": "https://registry.npmjs.org/@riim/object-assign-polyfill/-/object-assign-polyfill-1.0.0.tgz",
      "integrity": "sha1-1egHP9jlRrqHFFFvfc+qt111HQI="
    },
    "@riim/opal-autosuggest": {
      "version": "0.33.55",
      "resolved": "https://registry.npmjs.org/@riim/opal-autosuggest/-/opal-autosuggest-0.33.55.tgz",
      "integrity": "sha512-U09bQDWzU/vnY0pSZNdmee0/RxdzcLW+CFAez1wZ9AcOPecKbfBh4bXkuChtHpIdg1k15Q6H3IXotAWTMMQHUQ==",
      "requires": {
        "@riim/gettext": "1.1.1",
        "@riim/opal-dropdown": "0.33.64",
        "@riim/opal-icon": "0.33.51",
        "@riim/opal-text-input": "0.33.51",
        "@riim/opal-utils": "0.33.51",
        "cellx": "1.7.83",
        "cellx-decorators": "1.4.9",
        "reflect-metadata": "0.1.12",
        "rionite": "0.32.41"
      }
    },
    "@riim/opal-button": {
      "version": "0.33.51",
      "resolved": "https://registry.npmjs.org/@riim/opal-button/-/opal-button-0.33.51.tgz",
      "integrity": "sha1-jJHDWy4T2JnHGlgJnq0RglfoQAU=",
      "requires": {
        "@riim/next-tick": "1.0.1",
        "cellx": "1.7.83",
        "cellx-decorators": "1.4.9",
        "reflect-metadata": "0.1.12",
        "rionite": "0.32.41"
      }
    },
    "@riim/opal-calendar": {
      "version": "0.33.51",
      "resolved": "https://registry.npmjs.org/@riim/opal-calendar/-/opal-calendar-0.33.51.tgz",
      "integrity": "sha1-xedzgoEUXNZReYP4sw1Iw1ZXYs8=",
      "requires": {
        "@riim/next-tick": "1.0.1",
        "@riim/opal-icon": "0.33.51",
        "@riim/opal-select": "0.33.55",
        "cellx": "1.7.83",
        "cellx-decorators": "1.4.9",
        "reflect-metadata": "0.1.12",
        "rionite": "0.32.41"
      }
    },
    "@riim/opal-checkbox": {
      "version": "0.33.51",
      "resolved": "https://registry.npmjs.org/@riim/opal-checkbox/-/opal-checkbox-0.33.51.tgz",
      "integrity": "sha1-6UIvzEFg927tSsU2Z0ndMFjID1U=",
      "requires": {
        "@riim/next-tick": "1.0.1",
        "cellx": "1.7.83",
        "cellx-decorators": "1.4.9",
        "reflect-metadata": "0.1.12",
        "rionite": "0.32.41"
      }
    },
    "@riim/opal-date-input": {
      "version": "0.33.54",
      "resolved": "https://registry.npmjs.org/@riim/opal-date-input/-/opal-date-input-0.33.54.tgz",
      "integrity": "sha512-KNyJie/M63SiPqhwOZ0krvY7K9rpc6Ldc7EaTRq1l++AsqniSrtm+vT4vVhnjc32QmTG1nyu+j9Ph/qq2ow/kQ==",
      "requires": {
        "@riim/gettext": "1.1.1",
        "@riim/opal-calendar": "0.33.51",
        "@riim/opal-dropdown": "0.33.64",
        "@riim/opal-icon": "0.33.51",
        "@riim/opal-input-mask": "0.33.51",
        "@riim/opal-text-input": "0.33.51",
        "@riim/opal-text-input-validator": "0.33.51",
        "@riim/opal-utils": "0.33.51",
        "cellx": "1.7.83",
        "date-exists": "1.0.1",
        "reflect-metadata": "0.1.12",
        "rionite": "0.32.41"
      }
    },
    "@riim/opal-dropdown": {
      "version": "0.33.64",
      "resolved": "https://registry.npmjs.org/@riim/opal-dropdown/-/opal-dropdown-0.33.64.tgz",
      "integrity": "sha512-dwI9SKaksDeX7xEAy0D93pNRI5C0J+AHidq9G7YEIhN0d9ufWMyVLpKfxBOZNUvFbkK2dNZICdFtcXDn9XaNRw==",
      "requires": {
        "cellx": "1.7.83",
        "cellx-decorators": "1.4.9",
        "reflect-metadata": "0.1.12",
        "rionite": "0.32.41"
      }
    },
    "@riim/opal-editable-text": {
      "version": "0.33.51",
      "resolved": "https://registry.npmjs.org/@riim/opal-editable-text/-/opal-editable-text-0.33.51.tgz",
      "integrity": "sha1-i8tNqvtvA7lpyFwMA2Ivg0QCI2E=",
      "requires": {
        "@riim/opal-icon": "0.33.51",
        "reflect-metadata": "0.1.12",
        "rionite": "0.32.41"
      }
    },
    "@riim/opal-filtered-list": {
      "version": "0.33.51",
      "resolved": "https://registry.npmjs.org/@riim/opal-filtered-list/-/opal-filtered-list-0.33.51.tgz",
      "integrity": "sha1-jghAYqCLcciHzLTKUVWMk5JgSdA=",
      "requires": {
        "@riim/debounce-throttle": "1.0.0",
        "@riim/gettext": "1.1.1",
        "@riim/opal-icon": "0.33.51",
        "@riim/opal-loaded-list": "0.33.51",
        "@riim/opal-text-input": "0.33.51",
        "cellx": "1.7.83",
        "reflect-metadata": "0.1.12",
        "rionite": "0.32.41"
      }
    },
    "@riim/opal-focus-highlight-controller": {
      "version": "0.33.51",
      "resolved": "https://registry.npmjs.org/@riim/opal-focus-highlight-controller/-/opal-focus-highlight-controller-0.33.51.tgz",
      "integrity": "sha1-jkA5TVrE8ZL0sKm1OYMI3YpLw2s="
    },
    "@riim/opal-group": {
      "version": "0.33.51",
      "resolved": "https://registry.npmjs.org/@riim/opal-group/-/opal-group-0.33.51.tgz",
      "integrity": "sha1-kgH7C0fZ+0Lv8eemMcGranHhGx0=",
      "requires": {
        "reflect-metadata": "0.1.12",
        "rionite": "0.32.41"
      }
    },
    "@riim/opal-icon": {
      "version": "0.33.51",
      "resolved": "https://registry.npmjs.org/@riim/opal-icon/-/opal-icon-0.33.51.tgz",
      "integrity": "sha1-V3HctBv2EbZHbIDI0GMkat5JBZA=",
      "requires": {
        "reflect-metadata": "0.1.12",
        "rionite": "0.32.41"
      }
    },
    "@riim/opal-input-mask": {
      "version": "0.33.51",
      "resolved": "https://registry.npmjs.org/@riim/opal-input-mask/-/opal-input-mask-0.33.51.tgz",
      "integrity": "sha1-QCasfDs7o/9ODF2wqs8tAJZ/9yc=",
      "requires": {
        "@riim/next-tick": "1.0.1",
        "@riim/opal-text-input": "0.33.51",
        "cellx-decorators": "1.4.9",
        "reflect-metadata": "0.1.12",
        "rionite": "0.32.41"
      }
    },
    "@riim/opal-input-validator": {
      "version": "0.33.51",
      "resolved": "https://registry.npmjs.org/@riim/opal-input-validator/-/opal-input-validator-0.33.51.tgz",
      "integrity": "sha1-1ktisDq1HsKg9qid8/7aPr2YwN0=",
      "requires": {
        "@riim/opal-popover": "0.33.64",
        "cellx-decorators": "1.4.9",
        "reflect-metadata": "0.1.12",
        "rionite": "0.32.41"
      }
    },
    "@riim/opal-loaded-list": {
      "version": "0.33.51",
      "resolved": "https://registry.npmjs.org/@riim/opal-loaded-list/-/opal-loaded-list-0.33.51.tgz",
      "integrity": "sha1-GxA5L2lzHewOt18KrpLwfNUV86k=",
      "requires": {
        "@riim/gettext": "1.1.1",
        "@riim/mixin": "1.0.0",
        "@riim/next-tick": "1.0.1",
        "@riim/opal-loader": "0.33.51",
        "cellx": "1.7.83",
        "cellx-decorators": "1.4.9",
        "reflect-metadata": "0.1.12",
        "rionite": "0.32.41"
      }
    },
    "@riim/opal-loader": {
      "version": "0.33.51",
      "resolved": "https://registry.npmjs.org/@riim/opal-loader/-/opal-loader-0.33.51.tgz",
      "integrity": "sha1-41J2jGDiJ7rRuqxMao8VQL1fJqo=",
      "requires": {
        "reflect-metadata": "0.1.12",
        "rionite": "0.32.41"
      }
    },
    "@riim/opal-modal": {
      "version": "0.33.51",
      "resolved": "https://registry.npmjs.org/@riim/opal-modal/-/opal-modal-0.33.51.tgz",
      "integrity": "sha1-IZtIIRsQakewkBYQpm4hTQYBHic=",
      "requires": {
        "@riim/opal-utils": "0.33.51",
        "cellx": "1.7.83",
        "cellx-decorators": "1.4.9",
        "reflect-metadata": "0.1.12",
        "rionite": "0.32.41"
      }
    },
    "@riim/opal-multirow": {
      "version": "0.33.51",
      "resolved": "https://registry.npmjs.org/@riim/opal-multirow/-/opal-multirow-0.33.51.tgz",
      "integrity": "sha1-XaVfOg6SuvFzugLWXT2UY4NISRE=",
      "requires": {
        "@riim/next-uid": "1.0.0",
        "@riim/opal-sign-button": "0.33.51",
        "cellx": "1.7.83",
        "cellx-decorators": "1.4.9",
        "reflect-metadata": "0.1.12",
        "rionite": "0.32.41"
      }
    },
    "@riim/opal-multiselect": {
      "version": "0.33.51",
      "resolved": "https://registry.npmjs.org/@riim/opal-multiselect/-/opal-multiselect-0.33.51.tgz",
      "integrity": "sha1-iAqJ6A59mIPRmoGCp8gAtdy+25w=",
      "requires": {
        "@riim/gettext": "1.1.1",
        "@riim/opal-button": "0.33.51",
        "@riim/opal-icon": "0.33.51",
        "@riim/opal-loaded-list": "0.33.51",
        "@riim/opal-select": "0.33.55",
        "@riim/opal-text-input": "0.33.51",
        "cellx": "1.7.83",
        "cellx-decorators": "1.4.9",
        "reflect-metadata": "0.1.12",
        "rionite": "0.32.41"
      }
    },
    "@riim/opal-notification": {
      "version": "0.33.51",
      "resolved": "https://registry.npmjs.org/@riim/opal-notification/-/opal-notification-0.33.51.tgz",
      "integrity": "sha1-YImRF9NHDY613y4josBY84pfOkA=",
      "requires": {
        "@riim/map-set-polyfill": "1.0.1",
        "@riim/opal-icon": "0.33.51",
        "cellx": "1.7.83",
        "reflect-metadata": "0.1.12",
        "rionite": "0.32.41"
      }
    },
    "@riim/opal-popover": {
      "version": "0.33.64",
      "resolved": "https://registry.npmjs.org/@riim/opal-popover/-/opal-popover-0.33.64.tgz",
      "integrity": "sha512-StUWGGx5dGaD10eW2CSXc750BswVqQWRS5ci9Q7ojJH6Zeu08jhWdcywE4toCOq0hnDu1laEvzDzQZutT+2HAQ==",
      "requires": {
        "cellx": "1.7.83",
        "cellx-decorators": "1.4.9",
        "reflect-metadata": "0.1.12",
        "rionite": "0.32.41"
      }
    },
    "@riim/opal-radio-group": {
      "version": "0.33.51",
      "resolved": "https://registry.npmjs.org/@riim/opal-radio-group/-/opal-radio-group-0.33.51.tgz",
      "integrity": "sha1-XZbDwac71Fsed/UCuJV9DaZjR0M=",
      "requires": {
        "@riim/next-tick": "1.0.1",
        "cellx": "1.7.83",
        "cellx-decorators": "1.4.9",
        "reflect-metadata": "0.1.12",
        "rionite": "0.32.41"
      }
    },
    "@riim/opal-router": {
      "version": "0.33.64",
      "resolved": "https://registry.npmjs.org/@riim/opal-router/-/opal-router-0.33.64.tgz",
      "integrity": "sha512-lO8bVi0/tueOYkpJ8E6GnF+L6uigkH9tdcl7LBa68lQLUJ/qBxxuOjNoNdy0F6oX000+RmyGmGlVrB71ABQmPg==",
      "requires": {
        "@riim/hyphenize": "1.0.2",
        "created-browser-history": "0.1.2",
        "reflect-metadata": "0.1.12",
        "rionite": "0.32.41"
      }
    },
    "@riim/opal-select": {
      "version": "0.33.55",
      "resolved": "https://registry.npmjs.org/@riim/opal-select/-/opal-select-0.33.55.tgz",
      "integrity": "sha512-ouc3DXItpyjxXjBVYjaetop1XGNRjj/HV9U1c09n4L6aFnigYUzuu8TLlpUFOWhwHjY24BovgTBmk45iQOWwnA==",
      "requires": {
        "@riim/next-tick": "1.0.1",
        "@riim/opal-button": "0.33.51",
        "@riim/opal-dropdown": "0.33.64",
        "@riim/opal-filtered-list": "0.33.51",
        "@riim/opal-icon": "0.33.51",
        "@riim/opal-loaded-list": "0.33.51",
        "@riim/opal-loader": "0.33.51",
        "@riim/opal-text-input": "0.33.51",
        "@riim/opal-utils": "0.33.51",
        "cellx": "1.7.83",
        "cellx-decorators": "1.4.9",
        "reflect-metadata": "0.1.12",
        "rionite": "0.32.41"
      }
    },
    "@riim/opal-select-validator": {
      "version": "0.33.51",
      "resolved": "https://registry.npmjs.org/@riim/opal-select-validator/-/opal-select-validator-0.33.51.tgz",
      "integrity": "sha1-sgWgx+4y2xgURWj8IRWTFWEDIos=",
      "requires": {
        "@riim/opal-input-validator": "0.33.51",
        "@riim/opal-select": "0.33.55",
        "reflect-metadata": "0.1.12",
        "rionite": "0.32.41"
      }
    },
    "@riim/opal-sign-button": {
      "version": "0.33.51",
      "resolved": "https://registry.npmjs.org/@riim/opal-sign-button/-/opal-sign-button-0.33.51.tgz",
      "integrity": "sha1-5gsPUf5dsrduAlVmCHoKVZim2Do=",
      "requires": {
        "@riim/next-tick": "1.0.1",
        "cellx": "1.7.83",
        "cellx-decorators": "1.4.9",
        "reflect-metadata": "0.1.12",
        "rionite": "0.32.41"
      }
    },
    "@riim/opal-slider": {
      "version": "0.33.51",
      "resolved": "https://registry.npmjs.org/@riim/opal-slider/-/opal-slider-0.33.51.tgz",
      "integrity": "sha1-6rN/02nH+dKlOlAjjEY+JSIx1ow=",
      "requires": {
        "cellx-decorators": "1.4.9",
        "reflect-metadata": "0.1.12",
        "rionite": "0.32.41"
      }
    },
    "@riim/opal-switch": {
      "version": "0.33.51",
      "resolved": "https://registry.npmjs.org/@riim/opal-switch/-/opal-switch-0.33.51.tgz",
      "integrity": "sha1-g+VfLk2vGkCXo+L0BkCnJ/jXSdw=",
      "requires": {
        "@riim/next-tick": "1.0.1",
        "cellx": "1.7.83",
        "cellx-decorators": "1.4.9",
        "reflect-metadata": "0.1.12",
        "rionite": "0.32.41"
      }
    },
    "@riim/opal-switch-menu": {
      "version": "0.33.51",
      "resolved": "https://registry.npmjs.org/@riim/opal-switch-menu/-/opal-switch-menu-0.33.51.tgz",
      "integrity": "sha1-Ga1kcNAsdDZ4Rv38JCqcDK7Km/w=",
      "requires": {
        "@riim/opal-button": "0.33.51",
        "cellx": "1.7.83",
        "reflect-metadata": "0.1.12",
        "rionite": "0.32.41"
      }
    },
    "@riim/opal-tabs": {
      "version": "0.33.51",
      "resolved": "https://registry.npmjs.org/@riim/opal-tabs/-/opal-tabs-0.33.51.tgz",
      "integrity": "sha1-gTG0N4y/uLYaneXqITyY19T+xBM=",
      "requires": {
        "@riim/next-tick": "1.0.1",
        "cellx": "1.7.83",
        "cellx-decorators": "1.4.9",
        "reflect-metadata": "0.1.12",
        "rionite": "0.32.41"
      }
    },
    "@riim/opal-tag-select": {
      "version": "0.33.55",
      "resolved": "https://registry.npmjs.org/@riim/opal-tag-select/-/opal-tag-select-0.33.55.tgz",
      "integrity": "sha512-D96HumO2kgUK9OgA9BD7X0R9Doi6dM1mJ/p2ZWAzRiMJbn330uc6h/LV85P4T/E+Ttfa6BxGzw83v8muESyOig==",
      "requires": {
        "@riim/gettext": "1.1.1",
        "@riim/opal-filtered-list": "0.33.51",
        "@riim/opal-loaded-list": "0.33.51",
        "@riim/opal-loader": "0.33.51",
        "@riim/opal-popover": "0.33.64",
        "@riim/opal-select": "0.33.55",
        "@riim/opal-sign-button": "0.33.51",
        "cellx": "1.7.83",
        "cellx-decorators": "1.4.9",
        "reflect-metadata": "0.1.12",
        "rionite": "0.32.41"
      }
    },
    "@riim/opal-text-input": {
      "version": "0.33.51",
      "resolved": "https://registry.npmjs.org/@riim/opal-text-input/-/opal-text-input-0.33.51.tgz",
      "integrity": "sha1-XdCuVWfbB10LjqYovNq2wqwVMqs=",
      "requires": {
        "@riim/next-tick": "1.0.1",
        "@riim/opal-icon": "0.33.51",
        "@riim/opal-loader": "0.33.51",
        "cellx": "1.7.83",
        "cellx-decorators": "1.4.9",
        "reflect-metadata": "0.1.12",
        "rionite": "0.32.41"
      }
    },
    "@riim/opal-text-input-validator": {
      "version": "0.33.51",
      "resolved": "https://registry.npmjs.org/@riim/opal-text-input-validator/-/opal-text-input-validator-0.33.51.tgz",
      "integrity": "sha1-/giWFk6Gh4n/XEFEYzSVqT0o6yw=",
      "requires": {
        "@riim/opal-input-validator": "0.33.51",
        "@riim/opal-text-input": "0.33.51",
        "reflect-metadata": "0.1.12",
        "rionite": "0.32.41"
      }
    },
    "@riim/opal-tree-list": {
      "version": "0.33.63",
      "resolved": "https://registry.npmjs.org/@riim/opal-tree-list/-/opal-tree-list-0.33.63.tgz",
      "integrity": "sha512-SlXwli2I4HFE4NwjFkGSt1GSxlb2PlQFZQ5v7Qr6ejJpv+x/6TwQ4pCJhOxWvMQJ0uRFpV3j+zxhreYda52/3A==",
      "requires": {
        "@riim/mixin": "1.0.0",
        "@riim/object-assign-polyfill": "1.0.0",
        "@riim/opal-button": "0.33.51",
        "@riim/opal-checkbox": "0.33.51",
        "@riim/opal-icon": "0.33.51",
        "@riim/opal-loader": "0.33.51",
        "@riim/opal-utils": "0.33.51",
        "cellx": "1.7.83",
        "cellx-decorators": "1.4.9",
        "reflect-metadata": "0.1.12",
        "rionite": "0.32.41"
      }
    },
    "@riim/opal-tree-select": {
      "version": "0.33.55",
      "resolved": "https://registry.npmjs.org/@riim/opal-tree-select/-/opal-tree-select-0.33.55.tgz",
      "integrity": "sha512-u0IU2w/cDrl8KBdf8Uu004oHFQU+9h/MR0onW3AFKRSVDRodyLuTZ+wNe6wL84cZKUbdfSSez7dKc9rAbhFbPQ==",
      "requires": {
        "@riim/opal-button": "0.33.51",
        "@riim/opal-filtered-list": "0.33.51",
        "@riim/opal-modal": "0.33.51",
        "@riim/opal-select": "0.33.55",
        "@riim/opal-tree-list": "0.33.63",
        "cellx": "1.7.83",
        "reflect-metadata": "0.1.12",
        "rionite": "0.32.41"
      }
    },
    "@riim/opal-tree-tag-select": {
      "version": "0.33.55",
      "resolved": "https://registry.npmjs.org/@riim/opal-tree-tag-select/-/opal-tree-tag-select-0.33.55.tgz",
      "integrity": "sha512-yITrdS7laHiFnGUsyloLhGf0zUkZ2X5Z/Pe82aHLaIAI0h8ASGKAyd1pEVFWSPEgZ4xs0O4G78Gc8oC1HiMheA==",
      "requires": {
        "@riim/opal-sign-button": "0.33.51",
        "@riim/opal-tag-select": "0.33.55",
        "@riim/opal-tree-select": "0.33.55",
        "reflect-metadata": "0.1.12",
        "rionite": "0.32.41"
      }
    },
    "@riim/opal-utils": {
      "version": "0.33.51",
      "resolved": "https://registry.npmjs.org/@riim/opal-utils/-/opal-utils-0.33.51.tgz",
      "integrity": "sha1-bV1aCotmY7sfv4YF+FBZ+nnpfcM=",
      "requires": {
        "rionite": "0.32.41"
      }
    },
    "@riim/pascalize": {
      "version": "1.0.1",
      "resolved": "https://registry.npmjs.org/@riim/pascalize/-/pascalize-1.0.1.tgz",
      "integrity": "sha1-YECMdlUmkzdXsShAS0ueNTraDLk=",
      "requires": {
        "@riim/camelize": "1.0.2"
      }
    },
    "@riim/self-closing-tags": {
      "version": "1.0.2",
      "resolved": "https://registry.npmjs.org/@riim/self-closing-tags/-/self-closing-tags-1.0.2.tgz",
      "integrity": "sha1-apBMzyOFUknwCj3yZFzyWACwmTg=",
      "requires": {
        "@riim/map-set-polyfill": "1.0.1"
      }
    },
    "@riim/set-attribute": {
      "version": "1.0.0",
      "resolved": "https://registry.npmjs.org/@riim/set-attribute/-/set-attribute-1.0.0.tgz",
      "integrity": "sha1-mIIHJn9p+doKMDKQOk7Ea2GZGNM="
    },
    "@riim/symbol-polyfill": {
      "version": "1.0.1",
      "resolved": "https://registry.npmjs.org/@riim/symbol-polyfill/-/symbol-polyfill-1.0.1.tgz",
      "integrity": "sha1-bb77TdfUiVYTVNfU7Rp1xci+sMQ="
    },
    "@types/history": {
      "version": "4.6.2",
      "resolved": "https://registry.npmjs.org/@types/history/-/history-4.6.2.tgz",
      "integrity": "sha512-eVAb52MJ4lfPLiO9VvTgv8KaZDEIqCwhv+lXOMLlt4C1YHTShgmMULEg0RrCbnqfYd6QKfHsMp0MiX0vWISpSw=="
    },
    "cellx": {
      "version": "1.7.83",
      "resolved": "https://registry.npmjs.org/cellx/-/cellx-1.7.83.tgz",
      "integrity": "sha512-RnfbaK7gIYaWIvnOZLs+AMb9PyDw/W3v6a4jTTz6r8dgAaqD9Syl1tD0WFmxmRPtQYLCxeMHD6HC/qyQG/esSg==",
      "requires": {
        "@riim/is": "1.0.0",
        "@riim/logger": "1.0.1",
        "@riim/map-set-polyfill": "1.0.1",
        "@riim/mixin": "1.0.0",
        "@riim/next-tick": "1.0.1",
        "@riim/object-assign-polyfill": "1.0.0",
        "@riim/symbol-polyfill": "1.0.1"
      }
    },
    "cellx-decorators": {
      "version": "1.4.9",
      "resolved": "https://registry.npmjs.org/cellx-decorators/-/cellx-decorators-1.4.9.tgz",
      "integrity": "sha1-UefUDJlLyrwsd4h2S8+tGt6eTXk=",
      "requires": {
        "@riim/object-assign-polyfill": "1.0.0",
        "cellx": "1.7.83"
      }
    },
    "created-browser-history": {
      "version": "0.1.2",
      "resolved": "https://registry.npmjs.org/created-browser-history/-/created-browser-history-0.1.2.tgz",
      "integrity": "sha1-hZUovu7O0jz9V3PE/pwDNPNTf1c=",
      "requires": {
        "@types/history": "4.6.2",
        "history": "4.7.2"
      }
    },
    "date-exists": {
      "version": "1.0.1",
      "resolved": "https://registry.npmjs.org/date-exists/-/date-exists-1.0.1.tgz",
      "integrity": "sha1-BQlDHZgL4/Z+VmkO8QQK5br8FX8="
    },
    "escape-string": {
      "version": "1.0.2",
      "resolved": "https://registry.npmjs.org/escape-string/-/escape-string-1.0.2.tgz",
      "integrity": "sha1-FAIK+sUKypGxVzzeFho7P7jaOnc="
    },
    "history": {
      "version": "4.7.2",
      "resolved": "https://registry.npmjs.org/history/-/history-4.7.2.tgz",
      "integrity": "sha512-1zkBRWW6XweO0NBcjiphtVJVsIQ+SXF29z9DVkceeaSLVMFXHool+fdCZD4spDCfZJCILPILc3bm7Bc+HRi0nA==",
      "requires": {
        "invariant": "2.2.4",
        "loose-envify": "1.3.1",
        "resolve-pathname": "2.2.0",
        "value-equal": "0.4.0",
        "warning": "3.0.0"
      }
    },
    "html-to-fragment": {
      "version": "1.0.1",
      "resolved": "https://registry.npmjs.org/html-to-fragment/-/html-to-fragment-1.0.1.tgz",
      "integrity": "sha1-sSKUJPF1y2NxtksTeCAeLC6doNc="
    },
    "invariant": {
      "version": "2.2.4",
      "resolved": "https://registry.npmjs.org/invariant/-/invariant-2.2.4.tgz",
      "integrity": "sha512-phJfQVBuaJM5raOpJjSfkiD6BpbCE4Ns//LaXl6wGYtUBY83nWS6Rf9tXm2e8VaK60JEjYldbPif/A2B1C2gNA==",
      "requires": {
        "loose-envify": "1.3.1"
      }
    },
    "js-tokens": {
      "version": "3.0.2",
      "resolved": "https://registry.npmjs.org/js-tokens/-/js-tokens-3.0.2.tgz",
      "integrity": "sha1-mGbfOVECEw449/mWvOtlRDIJwls="
    },
    "loose-envify": {
      "version": "1.3.1",
      "resolved": "https://registry.npmjs.org/loose-envify/-/loose-envify-1.3.1.tgz",
      "integrity": "sha1-0aitM/qc4OcT1l/dCsi3SNR4yEg=",
      "requires": {
        "js-tokens": "3.0.2"
      }
    },
    "nelm-parser": {
      "version": "1.1.15",
      "resolved": "https://registry.npmjs.org/nelm-parser/-/nelm-parser-1.1.15.tgz",
      "integrity": "sha1-cYeCtSY4GztKJ9/ZjxvbzkkflB4=",
      "requires": {
        "@riim/hyphenize": "1.0.2"
      }
    },
    "opal-components": {
      "version": "0.33.64",
      "resolved": "https://registry.npmjs.org/opal-components/-/opal-components-0.33.64.tgz",
      "integrity": "sha512-akjqtoIsmiNAt1DMeFyjvMWHQVjZaOcTw/vPZakUXG0kvp/tuD8DFg6ZdPxHYUaYGRDLNM7S63RJoBru0056MA==",
      "requires": {
        "@riim/opal-autosuggest": "0.33.55",
        "@riim/opal-button": "0.33.51",
        "@riim/opal-calendar": "0.33.51",
        "@riim/opal-checkbox": "0.33.51",
        "@riim/opal-date-input": "0.33.54",
        "@riim/opal-dropdown": "0.33.64",
        "@riim/opal-editable-text": "0.33.51",
        "@riim/opal-filtered-list": "0.33.51",
        "@riim/opal-focus-highlight-controller": "0.33.51",
        "@riim/opal-group": "0.33.51",
        "@riim/opal-icon": "0.33.51",
        "@riim/opal-input-mask": "0.33.51",
        "@riim/opal-input-validator": "0.33.51",
        "@riim/opal-loaded-list": "0.33.51",
        "@riim/opal-loader": "0.33.51",
        "@riim/opal-modal": "0.33.51",
        "@riim/opal-multirow": "0.33.51",
        "@riim/opal-multiselect": "0.33.51",
        "@riim/opal-notification": "0.33.51",
        "@riim/opal-popover": "0.33.64",
        "@riim/opal-radio-group": "0.33.51",
        "@riim/opal-router": "0.33.64",
        "@riim/opal-select": "0.33.55",
        "@riim/opal-select-validator": "0.33.51",
        "@riim/opal-sign-button": "0.33.51",
        "@riim/opal-slider": "0.33.51",
        "@riim/opal-switch": "0.33.51",
        "@riim/opal-switch-menu": "0.33.51",
        "@riim/opal-tabs": "0.33.51",
        "@riim/opal-tag-select": "0.33.55",
        "@riim/opal-text-input": "0.33.51",
        "@riim/opal-text-input-validator": "0.33.51",
        "@riim/opal-tree-list": "0.33.63",
        "@riim/opal-tree-select": "0.33.55",
        "@riim/opal-tree-tag-select": "0.33.55",
        "@riim/opal-utils": "0.33.51",
        "cellx": "1.7.83",
        "rionite": "0.32.41"
      }
    },
    "reflect-metadata": {
      "version": "0.1.12",
      "resolved": "https://registry.npmjs.org/reflect-metadata/-/reflect-metadata-0.1.12.tgz",
      "integrity": "sha512-n+IyV+nGz3+0q3/Yf1ra12KpCyi001bi4XFxSjbiWWjfqb52iTTtpGXmCCAOWWIAn9KEuFZKGqBERHmrtScZ3A=="
    },
    "resolve-pathname": {
      "version": "2.2.0",
      "resolved": "https://registry.npmjs.org/resolve-pathname/-/resolve-pathname-2.2.0.tgz",
      "integrity": "sha512-bAFz9ld18RzJfddgrO2e/0S2O81710++chRMUxHjXOYKF6jTAMrUNZrEZ1PvV0zlhfjidm08iRPdTLPno1FuRg=="
    },
    "rionite": {
      "version": "0.32.41",
      "resolved": "https://registry.npmjs.org/rionite/-/rionite-0.32.41.tgz",
      "integrity": "sha512-mdD5yFhwPkG+hpkAIcp2QVm71on38OmAbJFWh8xNkQlvORmi5tkhIIYwEg8ZkSC0oU0ZqAZx4V6AbVBDcFlB/A==",
      "requires": {
        "@riim/clear-node": "1.0.0",
        "@riim/defer": "1.1.0",
        "@riim/di": "0.4.2",
        "@riim/escape-html": "1.1.1",
        "@riim/get-uid": "1.0.0",
        "@riim/gettext": "1.1.1",
        "@riim/hyphenize": "1.0.2",
        "@riim/is-regexp": "1.0.0",
        "@riim/logger": "1.0.1",
        "@riim/lower-case-first-word": "1.0.1",
        "@riim/map-set-polyfill": "1.0.1",
        "@riim/mixin": "1.0.0",
        "@riim/move-content": "1.0.0",
        "@riim/next-tick": "1.0.1",
        "@riim/next-uid": "1.0.0",
        "@riim/pascalize": "1.0.1",
        "@riim/self-closing-tags": "1.0.2",
        "@riim/set-attribute": "1.0.0",
        "@riim/symbol-polyfill": "1.0.1",
        "cellx": "1.7.83",
        "escape-string": "1.0.2",
        "html-to-fragment": "1.0.1",
        "nelm-parser": "1.1.15"
      }
    },
    "value-equal": {
      "version": "0.4.0",
      "resolved": "https://registry.npmjs.org/value-equal/-/value-equal-0.4.0.tgz",
      "integrity": "sha512-x+cYdNnaA3CxvMaTX0INdTCN8m8aF2uY9BvEqmxuYp8bL09cs/kWVQPVGcA35fMktdOsP69IgU7wFj/61dJHEw=="
    },
    "warning": {
      "version": "3.0.0",
      "resolved": "https://registry.npmjs.org/warning/-/warning-3.0.0.tgz",
      "integrity": "sha1-MuU3fLVy3kqwR1O9+IIcAe1gW3w=",
      "requires": {
        "loose-envify": "1.3.1"
      }
    }
  }
}
